
Microsoft Visual Studio Solution File, Format Version 12.00
# Visual Studio 15
VisualStudioVersion = 15.0.27703.2042
MinimumVisualStudioVersion = 10.0.40219.1
Project("{FAE04EC0-301F-11D3-BF4B-00C04F79EFBC}") = "1ConvenientStore_Pro", "ConvenientStore_Pro\1ConvenientStore_Pro.csproj", "{D66A6E21-3C2A-46DB-B02C-DAD71498E68B}"
EndProject
Project("{FAE04EC0-301F-11D3-BF4B-00C04F79EFBC}") = "BUS", "BUS\BUS.csproj", "{AAD5C42C-ED52-446E-8751-8A8426F11933}"
EndProject
Project("{FAE04EC0-301F-11D3-BF4B-00C04F79EFBC}") = "DAO", "DAO\DAO.csproj", "{9E123C42-C319-492A-8DA6-5D19262347A1}"
EndProject
Project("{FAE04EC0-301F-11D3-BF4B-00C04F79EFBC}") = "DTO", "DTO\DTO.csproj", "{2E0255B0-C340-4692-ABDE-9888F5A1874A}"
EndProject
Project("{FAE04EC0-301F-11D3-BF4B-00C04F79EFBC}") = "TestCustomer", "TestCustomer\TestCustomer.csproj", "{702002BF-3491-4C51-BA99-7887FBED2C7C}"
EndProject
Project("{FAE04EC0-301F-11D3-BF4B-00C04F79EFBC}") = "TestSignOn", "TestSignOn\TestSignOn.csproj", "{72B7DE1C-F0AB-4F4E-9F6E-605FF0515BF5}"
EndProject
Project("{FAE04EC0-301F-11D3-BF4B-00C04F79EFBC}") = "TextSannerProduct", "TextSannerProduct\TextSannerProduct.csproj", "{77FDE230-BF2F-4AEC-BB7C-DBE417EFE0A3}"
EndProject
Project("{FAE04EC0-301F-11D3-BF4B-00C04F79EFBC}") = "TestTenderCus", "TestTenderCus\TestTenderCus.csproj", "{B868A1ED-2A8C-4AED-9C23-35E446A33865}"
EndProject
Global
	GlobalSection(SolutionConfigurationPlatforms) = preSolution
		Debug|Any CPU = Debug|Any CPU
		Release|Any CPU = Release|Any CPU
	EndGlobalSection
	GlobalSection(ProjectConfigurationPlatforms) = postSolution
		{D66A6E21-3C2A-46DB-B02C-DAD71498E68B}.Debug|Any CPU.ActiveCfg = Debug|Any CPU
		{D66A6E21-3C2A-46DB-B02C-DAD71498E68B}.Debug|Any CPU.Build.0 = Debug|Any CPU
		{D66A6E21-3C2A-46DB-B02C-DAD71498E68B}.Release|Any CPU.ActiveCfg = Release|Any CPU
		{D66A6E21-3C2A-46DB-B02C-DAD71498E68B}.Release|Any CPU.Build.0 = Release|Any CPU
		{AAD5C42C-ED52-446E-8751-8A8426F11933}.Debug|Any CPU.ActiveCfg = Debug|Any CPU
		{AAD5C42C-ED52-446E-8751-8A8426F11933}.Debug|Any CPU.Build.0 = Debug|Any CPU
		{AAD5C42C-ED52-446E-8751-8A8426F11933}.Release|Any CPU.ActiveCfg = Release|Any CPU
		{AAD5C42C-ED52-446E-8751-8A8426F11933}.Release|Any CPU.Build.0 = Release|Any CPU
		{9E123C42-C319-492A-8DA6-5D19262347A1}.Debug|Any CPU.ActiveCfg = Debug|Any CPU
		{9E123C42-C319-492A-8DA6-5D19262347A1}.Debug|Any CPU.Build.0 = Debug|Any CPU
		{9E123C42-C319-492A-8DA6-5D19262347A1}.Release|Any CPU.ActiveCfg = Release|Any CPU
		{9E123C42-C319-492A-8DA6-5D19262347A1}.Release|Any CPU.Build.0 = Release|Any CPU
		{2E0255B0-C340-4692-ABDE-9888F5A1874A}.Debug|Any CPU.ActiveCfg = Debug|Any CPU
		{2E0255B0-C340-4692-ABDE-9888F5A1874A}.Debug|Any CPU.Build.0 = Debug|Any CPU
		{2E0255B0-C340-4692-ABDE-9888F5A1874A}.Release|Any CPU.ActiveCfg = Release|Any CPU
		{2E0255B0-C340-4692-ABDE-9888F5A1874A}.Release|Any CPU.Build.0 = Release|Any CPU
		{702002BF-3491-4C51-BA99-7887FBED2C7C}.Debug|Any CPU.ActiveCfg = Debug|Any CPU
		{702002BF-3491-4C51-BA99-7887FBED2C7C}.Debug|Any CPU.Build.0 = Debug|Any CPU
		{702002BF-3491-4C51-BA99-7887FBED2C7C}.Release|Any CPU.ActiveCfg = Release|Any CPU
		{702002BF-3491-4C51-BA99-7887FBED2C7C}.Release|Any CPU.Build.0 = Release|Any CPU
		{72B7DE1C-F0AB-4F4E-9F6E-605FF0515BF5}.Debug|Any CPU.ActiveCfg = Debug|Any CPU
		{72B7DE1C-F0AB-4F4E-9F6E-605FF0515BF5}.Debug|Any CPU.Build.0 = Debug|Any CPU
		{72B7DE1C-F0AB-4F4E-9F6E-605FF0515BF5}.Release|Any CPU.ActiveCfg = Release|Any CPU
		{72B7DE1C-F0AB-4F4E-9F6E-605FF0515BF5}.Release|Any CPU.Build.0 = Release|Any CPU
		{77FDE230-BF2F-4AEC-BB7C-DBE417EFE0A3}.Debug|Any CPU.ActiveCfg = Debug|Any CPU
		{77FDE230-BF2F-4AEC-BB7C-DBE417EFE0A3}.Debug|Any CPU.Build.0 = Debug|Any CPU
		{77FDE230-BF2F-4AEC-BB7C-DBE417EFE0A3}.Release|Any CPU.ActiveCfg = Release|Any CPU
		{77FDE230-BF2F-4AEC-BB7C-DBE417EFE0A3}.Release|Any CPU.Build.0 = Release|Any CPU
		{B868A1ED-2A8C-4AED-9C23-35E446A33865}.Debug|Any CPU.ActiveCfg = Debug|Any CPU
		{B868A1ED-2A8C-4AED-9C23-35E446A33865}.Debug|Any CPU.Build.0 = Debug|Any CPU
		{B868A1ED-2A8C-4AED-9C23-35E446A33865}.Release|Any CPU.ActiveCfg = Release|Any CPU
		{B868A1ED-2A8C-4AED-9C23-35E446A33865}.Release|Any CPU.Build.0 = Release|Any CPU
	EndGlobalSection
	GlobalSection(SolutionProperties) = preSolution
		HideSolutionNode = FALSE
	EndGlobalSection
	GlobalSection(ExtensibilityGlobals) = postSolution
		SolutionGuid = {23BD48CC-40F6-4133-80D1-46902B31D7FB}
	EndGlobalSection
EndGlobal
